
Microsoft Visual Studio Solution File, Format Version 12.00
# Visual Studio 15
VisualStudioVersion = 15.0.27428.2037
MinimumVisualStudioVersion = 10.0.40219.1
Project("{2150E333-8FDC-42A3-9474-1A3956D46DE8}") = "Domain", "Domain", "{76627249-81B2-48E5-BBE7-C5659EA815A9}"
EndProject
Project("{2150E333-8FDC-42A3-9474-1A3956D46DE8}") = "Infrastructure", "Infrastructure", "{E41DD4E2-9597-4361-B5F3-87BAEF658664}"
EndProject
Project("{2150E333-8FDC-42A3-9474-1A3956D46DE8}") = "Presentation", "Presentation", "{7C554755-6AF5-4E8D-B71D-286236B061F3}"
EndProject
Project("{9A19103F-16F7-4668-BE54-9A1E7A4F7556}") = "cqrs.Domain", "cqrs.Domain\cqrs.Domain.csproj", "{9B2BCD56-7628-42F6-AC0D-FC42853AA328}"
EndProject
Project("{2150E333-8FDC-42A3-9474-1A3956D46DE8}") = "Tests", "Tests", "{F3803C28-4660-481E-86B0-CDE582C698AE}"
EndProject
Project("{9A19103F-16F7-4668-BE54-9A1E7A4F7556}") = "cqrs.Domain.Tests", "cqrs.Domain.Tests\cqrs.Domain.Tests.csproj", "{63D8984A-0412-4296-BB7C-63CB96B70175}"
EndProject
Project("{2150E333-8FDC-42A3-9474-1A3956D46DE8}") = "Application", "Application", "{1BD84BE2-29B4-401A-B926-29E6A1AFD62F}"
EndProject
Project("{9A19103F-16F7-4668-BE54-9A1E7A4F7556}") = "cqrs.Data.Sql.EF", "cqrs.Data.EF\cqrs.Data.Sql.EF.csproj", "{27FE712E-FC4D-4DAB-9C6A-B55FBFE34C3B}"
EndProject
Project("{9A19103F-16F7-4668-BE54-9A1E7A4F7556}") = "cqrs.Data.Sql.EF.Tests", "cqrs.Data.Sql.EF.Tests\cqrs.Data.Sql.EF.Tests.csproj", "{AC680C58-5177-4166-8D60-05392E79D4F2}"
EndProject
Project("{9A19103F-16F7-4668-BE54-9A1E7A4F7556}") = "cqrs.Web.MVC", "cqrs.Web.MVC\cqrs.Web.MVC.csproj", "{136B2802-9718-4DDF-ACC5-D672FA099AF3}"
EndProject
Project("{9A19103F-16F7-4668-BE54-9A1E7A4F7556}") = "cqrs.Messaging", "cqrs.Messaging\cqrs.Messaging.csproj", "{69F01313-FE6F-4475-A76B-2C4E81B06730}"
EndProject
Project("{9A19103F-16F7-4668-BE54-9A1E7A4F7556}") = "cqrs.Messaging.InMemory", "cqrs.Messaging.InMemory\cqrs.Messaging.InMemory.csproj", "{1ED22D7D-8A2C-4823-B5E4-A5E7F9A34192}"
EndProject
Project("{9A19103F-16F7-4668-BE54-9A1E7A4F7556}") = "cqrs.Application", "cqrs.Application\cqrs.Application.csproj", "{1ABBA8FC-BC70-4EA0-A179-3D5A86F8C846}"
EndProject
Project("{9A19103F-16F7-4668-BE54-9A1E7A4F7556}") = "cqrs.CommandStack", "cqrs.CommandStack\cqrs.CommandStack.csproj", "{5449EA26-E01E-44CF-B230-490E392BC509}"
EndProject
Project("{9A19103F-16F7-4668-BE54-9A1E7A4F7556}") = "cqrs.QueryStack", "cqrs.QueryStack\cqrs.QueryStack.csproj", "{B9CE8245-A340-4D52-AB4E-3C491A1CB208}"
EndProject
Project("{FAE04EC0-301F-11D3-BF4B-00C04F79EFBC}") = "cqrs.Web.MVC.Tests", "cqrs.Web.MVC.Tests\cqrs.Web.MVC.Tests.csproj", "{CCCDD4B6-C97A-42B6-B0F2-B19517245382}"
EndProject
Global
	GlobalSection(SolutionConfigurationPlatforms) = preSolution
		Debug|Any CPU = Debug|Any CPU
		Release|Any CPU = Release|Any CPU
	EndGlobalSection
	GlobalSection(ProjectConfigurationPlatforms) = postSolution
		{9B2BCD56-7628-42F6-AC0D-FC42853AA328}.Debug|Any CPU.ActiveCfg = Debug|Any CPU
		{9B2BCD56-7628-42F6-AC0D-FC42853AA328}.Debug|Any CPU.Build.0 = Debug|Any CPU
		{9B2BCD56-7628-42F6-AC0D-FC42853AA328}.Release|Any CPU.ActiveCfg = Release|Any CPU
		{9B2BCD56-7628-42F6-AC0D-FC42853AA328}.Release|Any CPU.Build.0 = Release|Any CPU
		{63D8984A-0412-4296-BB7C-63CB96B70175}.Debug|Any CPU.ActiveCfg = Debug|Any CPU
		{63D8984A-0412-4296-BB7C-63CB96B70175}.Debug|Any CPU.Build.0 = Debug|Any CPU
		{63D8984A-0412-4296-BB7C-63CB96B70175}.Release|Any CPU.ActiveCfg = Release|Any CPU
		{63D8984A-0412-4296-BB7C-63CB96B70175}.Release|Any CPU.Build.0 = Release|Any CPU
		{27FE712E-FC4D-4DAB-9C6A-B55FBFE34C3B}.Debug|Any CPU.ActiveCfg = Debug|Any CPU
		{27FE712E-FC4D-4DAB-9C6A-B55FBFE34C3B}.Debug|Any CPU.Build.0 = Debug|Any CPU
		{27FE712E-FC4D-4DAB-9C6A-B55FBFE34C3B}.Release|Any CPU.ActiveCfg = Release|Any CPU
		{27FE712E-FC4D-4DAB-9C6A-B55FBFE34C3B}.Release|Any CPU.Build.0 = Release|Any CPU
		{AC680C58-5177-4166-8D60-05392E79D4F2}.Debug|Any CPU.ActiveCfg = Debug|Any CPU
		{AC680C58-5177-4166-8D60-05392E79D4F2}.Debug|Any CPU.Build.0 = Debug|Any CPU
		{AC680C58-5177-4166-8D60-05392E79D4F2}.Release|Any CPU.ActiveCfg = Release|Any CPU
		{AC680C58-5177-4166-8D60-05392E79D4F2}.Release|Any CPU.Build.0 = Release|Any CPU
		{136B2802-9718-4DDF-ACC5-D672FA099AF3}.Debug|Any CPU.ActiveCfg = Debug|Any CPU
		{136B2802-9718-4DDF-ACC5-D672FA099AF3}.Debug|Any CPU.Build.0 = Debug|Any CPU
		{136B2802-9718-4DDF-ACC5-D672FA099AF3}.Release|Any CPU.ActiveCfg = Release|Any CPU
		{136B2802-9718-4DDF-ACC5-D672FA099AF3}.Release|Any CPU.Build.0 = Release|Any CPU
		{69F01313-FE6F-4475-A76B-2C4E81B06730}.Debug|Any CPU.ActiveCfg = Debug|Any CPU
		{69F01313-FE6F-4475-A76B-2C4E81B06730}.Debug|Any CPU.Build.0 = Debug|Any CPU
		{69F01313-FE6F-4475-A76B-2C4E81B06730}.Release|Any CPU.ActiveCfg = Release|Any CPU
		{69F01313-FE6F-4475-A76B-2C4E81B06730}.Release|Any CPU.Build.0 = Release|Any CPU
		{1ED22D7D-8A2C-4823-B5E4-A5E7F9A34192}.Debug|Any CPU.ActiveCfg = Debug|Any CPU
		{1ED22D7D-8A2C-4823-B5E4-A5E7F9A34192}.Debug|Any CPU.Build.0 = Debug|Any CPU
		{1ED22D7D-8A2C-4823-B5E4-A5E7F9A34192}.Release|Any CPU.ActiveCfg = Release|Any CPU
		{1ED22D7D-8A2C-4823-B5E4-A5E7F9A34192}.Release|Any CPU.Build.0 = Release|Any CPU
		{1ABBA8FC-BC70-4EA0-A179-3D5A86F8C846}.Debug|Any CPU.ActiveCfg = Debug|Any CPU
		{1ABBA8FC-BC70-4EA0-A179-3D5A86F8C846}.Debug|Any CPU.Build.0 = Debug|Any CPU
		{1ABBA8FC-BC70-4EA0-A179-3D5A86F8C846}.Release|Any CPU.ActiveCfg = Release|Any CPU
		{1ABBA8FC-BC70-4EA0-A179-3D5A86F8C846}.Release|Any CPU.Build.0 = Release|Any CPU
		{5449EA26-E01E-44CF-B230-490E392BC509}.Debug|Any CPU.ActiveCfg = Debug|Any CPU
		{5449EA26-E01E-44CF-B230-490E392BC509}.Debug|Any CPU.Build.0 = Debug|Any CPU
		{5449EA26-E01E-44CF-B230-490E392BC509}.Release|Any CPU.ActiveCfg = Release|Any CPU
		{5449EA26-E01E-44CF-B230-490E392BC509}.Release|Any CPU.Build.0 = Release|Any CPU
		{B9CE8245-A340-4D52-AB4E-3C491A1CB208}.Debug|Any CPU.ActiveCfg = Debug|Any CPU
		{B9CE8245-A340-4D52-AB4E-3C491A1CB208}.Debug|Any CPU.Build.0 = Debug|Any CPU
		{B9CE8245-A340-4D52-AB4E-3C491A1CB208}.Release|Any CPU.ActiveCfg = Release|Any CPU
		{B9CE8245-A340-4D52-AB4E-3C491A1CB208}.Release|Any CPU.Build.0 = Release|Any CPU
		{CCCDD4B6-C97A-42B6-B0F2-B19517245382}.Debug|Any CPU.ActiveCfg = Debug|Any CPU
		{CCCDD4B6-C97A-42B6-B0F2-B19517245382}.Debug|Any CPU.Build.0 = Debug|Any CPU
		{CCCDD4B6-C97A-42B6-B0F2-B19517245382}.Release|Any CPU.ActiveCfg = Release|Any CPU
		{CCCDD4B6-C97A-42B6-B0F2-B19517245382}.Release|Any CPU.Build.0 = Release|Any CPU
	EndGlobalSection
	GlobalSection(SolutionProperties) = preSolution
		HideSolutionNode = FALSE
	EndGlobalSection
	GlobalSection(NestedProjects) = preSolution
		{9B2BCD56-7628-42F6-AC0D-FC42853AA328} = {76627249-81B2-48E5-BBE7-C5659EA815A9}
		{63D8984A-0412-4296-BB7C-63CB96B70175} = {F3803C28-4660-481E-86B0-CDE582C698AE}
		{27FE712E-FC4D-4DAB-9C6A-B55FBFE34C3B} = {E41DD4E2-9597-4361-B5F3-87BAEF658664}
		{AC680C58-5177-4166-8D60-05392E79D4F2} = {F3803C28-4660-481E-86B0-CDE582C698AE}
		{136B2802-9718-4DDF-ACC5-D672FA099AF3} = {7C554755-6AF5-4E8D-B71D-286236B061F3}
		{69F01313-FE6F-4475-A76B-2C4E81B06730} = {1BD84BE2-29B4-401A-B926-29E6A1AFD62F}
		{1ED22D7D-8A2C-4823-B5E4-A5E7F9A34192} = {E41DD4E2-9597-4361-B5F3-87BAEF658664}
		{1ABBA8FC-BC70-4EA0-A179-3D5A86F8C846} = {1BD84BE2-29B4-401A-B926-29E6A1AFD62F}
		{5449EA26-E01E-44CF-B230-490E392BC509} = {1BD84BE2-29B4-401A-B926-29E6A1AFD62F}
		{B9CE8245-A340-4D52-AB4E-3C491A1CB208} = {1BD84BE2-29B4-401A-B926-29E6A1AFD62F}
		{CCCDD4B6-C97A-42B6-B0F2-B19517245382} = {F3803C28-4660-481E-86B0-CDE582C698AE}
	EndGlobalSection
	GlobalSection(ExtensibilityGlobals) = postSolution
		SolutionGuid = {277E7FA2-DEF1-4DBD-B990-069C0BFFFBCF}
	EndGlobalSection
EndGlobal
